<?xml version="1.0" encoding="utf-8"?>
<Project ToolsVersion="4.0" xmlns="http://schemas.microsoft.com/developer/msbuild/2003">
  <ItemGroup>
    <ClCompile Include="Main.cpp" />
    <ClCompile Include="FPS.cpp">
      <Filter>Setting</Filter>
    </ClCompile>
    <ClCompile Include="LoopCondition.cpp">
      <Filter>Setting</Filter>
    </ClCompile>
    <ClCompile Include="SceneManager.cpp">
      <Filter>Scene</Filter>
    </ClCompile>
  </ItemGroup>
  <ItemGroup>
    <Filter Include="Setting">
      <UniqueIdentifier>{6e020b25-3fdb-4586-b993-8a7220e7bb52}</UniqueIdentifier>
    </Filter>
    <Filter Include="Scene">
      <UniqueIdentifier>{ce15dd7d-f642-4a04-999d-9c3072d537f2}</UniqueIdentifier>
    </Filter>
  </ItemGroup>
  <ItemGroup>
    <ClInclude Include="FPS.h">
      <Filter>Setting</Filter>
    </ClInclude>
    <ClInclude Include="LoopCondition.h">
      <Filter>Setting</Filter>
    </ClInclude>
    <ClInclude Include="Screen.h">
      <Filter>Setting</Filter>
    </ClInclude>
    <ClInclude Include="SceneManager.h">
      <Filter>Scene</Filter>
    </ClInclude>
  </ItemGroup>
</Project>